
Microsoft Visual Studio Solution File, Format Version 12.00
# Visual Studio Version 17
VisualStudioVersion = 17.14.36327.8 d17.14
MinimumVisualStudioVersion = 10.0.40219.1
Project("{FAE04EC0-301F-11D3-BF4B-00C04F79EFBC}") = "alumniService", "alumniService\alumniService.csproj", "{E5666096-065F-4C98-B805-6DACDE8D1BD3}"
EndProject
Global
	GlobalSection(SolutionConfigurationPlatforms) = preSolution
		Debug|Any CPU = Debug|Any CPU
		Release|Any CPU = Release|Any CPU
	EndGlobalSection
	GlobalSection(ProjectConfigurationPlatforms) = postSolution
		{E5666096-065F-4C98-B805-6DACDE8D1BD3}.Debug|Any CPU.ActiveCfg = Debug|Any CPU
		{E5666096-065F-4C98-B805-6DACDE8D1BD3}.Debug|Any CPU.Build.0 = Debug|Any CPU
		{E5666096-065F-4C98-B805-6DACDE8D1BD3}.Release|Any CPU.ActiveCfg = Release|Any CPU
		{E5666096-065F-4C98-B805-6DACDE8D1BD3}.Release|Any CPU.Build.0 = Release|Any CPU
	EndGlobalSection
	GlobalSection(SolutionProperties) = preSolution
		HideSolutionNode = FALSE
	EndGlobalSection
	GlobalSection(ExtensibilityGlobals) = postSolution
		SolutionGuid = {E1BE28D8-6857-4A6A-94A5-4B3CF289FB10}
	EndGlobalSection
EndGlobal
