
Microsoft Visual Studio Solution File, Format Version 12.00
# Visual Studio Version 17
VisualStudioVersion = 17.14.36203.30 d17.14
MinimumVisualStudioVersion = 10.0.40219.1
Project("{FAE04EC0-301F-11D3-BF4B-00C04F79EFBC}") = "AlumniService", "AlumniService\AlumniService.csproj", "{14094DE5-C8EC-4A9C-822A-6464DC89F61E}"
EndProject
Global
	GlobalSection(SolutionConfigurationPlatforms) = preSolution
		Debug|Any CPU = Debug|Any CPU
		Release|Any CPU = Release|Any CPU
	EndGlobalSection
	GlobalSection(ProjectConfigurationPlatforms) = postSolution
		{14094DE5-C8EC-4A9C-822A-6464DC89F61E}.Debug|Any CPU.ActiveCfg = Debug|Any CPU
		{14094DE5-C8EC-4A9C-822A-6464DC89F61E}.Debug|Any CPU.Build.0 = Debug|Any CPU
		{14094DE5-C8EC-4A9C-822A-6464DC89F61E}.Release|Any CPU.ActiveCfg = Release|Any CPU
		{14094DE5-C8EC-4A9C-822A-6464DC89F61E}.Release|Any CPU.Build.0 = Release|Any CPU
	EndGlobalSection
	GlobalSection(SolutionProperties) = preSolution
		HideSolutionNode = FALSE
	EndGlobalSection
	GlobalSection(ExtensibilityGlobals) = postSolution
		SolutionGuid = {231A414B-9ECA-427F-8872-2420873D97B8}
	EndGlobalSection
EndGlobal
